{
  "object": {
    "pins": [
      {
        "package": "swift-argument-parser",
        "repositoryURL": "https://github.com/apple/swift-argument-parser.git",
        "state": {
          "branch": null,
          "revision": "9564d61b08a5335ae0a36f789a7d71493eacadfc",
          "version": "0.3.2"
        }
      },
      {
        "package": "XcodeEdit",
        "repositoryURL": "https://github.com/tomlokhorst/XcodeEdit.git",
        "state": {
          "branch": null,
          "revision": "dab519997ca05833470c88f0926b27498911ecbf",
          "version": "2.7.7"
        }
      }
    ]
  },
  "version": 1
}
